# This file is automatically @generated by Cargo.
# It is not intended for manual editing.
version = 4

[[package]]
name = "a64-regs"
version = "0.0.0"

[[package]]
name = "a64-rt"
version = "0.0.0"
dependencies = [
 "a64-regs",
]

[[package]]
name = "app"
version = "0.0.0"
dependencies = [
 "a64-regs",
 "a64-rt",
 "qemu-virt",
 "sh",
]

[[package]]
name = "fvp-base-aemv8r"
version = "0.0.0"
dependencies = [
 "a64-regs",
 "a64-rt",
 "sh",
]

[[package]]
name = "qemu-virt"
version = "0.0.0"
dependencies = [
 "a64-regs",
 "a64-rt",
 "sh",
]

[[package]]
name = "semihosting"
version = "0.1.25"
source = "registry+https://github.com/rust-lang/crates.io-index"
checksum = "f8e4abf97879f4e80db69a9fba7bd64998e9bdad25f58ef045a778e191172fd4"

[[package]]
name = "sh"
version = "0.0.0"
dependencies = [
 "semihosting",
]
